
Microsoft Visual Studio Solution File, Format Version 12.00
# Visual Studio Version 17
VisualStudioVersion = 17.3.32922.545
MinimumVisualStudioVersion = 10.0.40219.1
Project("{FAE04EC0-301F-11D3-BF4B-00C04F79EFBC}") = "Excel", "Excel\Excel.csproj", "{745E80F1-BA2C-4D1F-AD10-8D21B66B6CBA}"
EndProject
Global
	GlobalSection(SolutionConfigurationPlatforms) = preSolution
		Debug|Any CPU = Debug|Any CPU
		Release|Any CPU = Release|Any CPU
	EndGlobalSection
	GlobalSection(ProjectConfigurationPlatforms) = postSolution
		{745E80F1-BA2C-4D1F-AD10-8D21B66B6CBA}.Debug|Any CPU.ActiveCfg = Debug|Any CPU
		{745E80F1-BA2C-4D1F-AD10-8D21B66B6CBA}.Debug|Any CPU.Build.0 = Debug|Any CPU
		{745E80F1-BA2C-4D1F-AD10-8D21B66B6CBA}.Release|Any CPU.ActiveCfg = Release|Any CPU
		{745E80F1-BA2C-4D1F-AD10-8D21B66B6CBA}.Release|Any CPU.Build.0 = Release|Any CPU
	EndGlobalSection
	GlobalSection(SolutionProperties) = preSolution
		HideSolutionNode = FALSE
	EndGlobalSection
	GlobalSection(ExtensibilityGlobals) = postSolution
		SolutionGuid = {EE98D35F-0F0E-4B50-B2F6-2097B344FD60}
	EndGlobalSection
EndGlobal
